// !$*UTF8*$!
{
	archiveVersion = 1;
	classes = {
	};
	objectVersion = 46;
	objects = {

/* Begin PBXBuildFile section */
		030AC70E1C781B9F00219938 /* DocumentIteratorTests.mm in Sources */ = {isa = PBXBuildFile; fileRef = 03D1C8851C781AFB00AF5475 /* DocumentIteratorTests.mm */; };
		030AC70F1C781B9F00219938 /* DocumentTests.mm in Sources */ = {isa = PBXBuildFile; fileRef = 03D1C8861C781AFB00AF5475 /* DocumentTests.mm */; };
		030AC7101C781B9F00219938 /* LocationTests.mm in Sources */ = {isa = PBXBuildFile; fileRef = 03D1C8881C781AFB00AF5475 /* LocationTests.mm */; };
		030AC7111C781B9F00219938 /* SearchExpressionTests.mm in Sources */ = {isa = PBXBuildFile; fileRef = 03D1C8891C781AFB00AF5475 /* SearchExpressionTests.mm */; };
		030AC7121C781B9F00219938 /* SelectionSetTests.mm in Sources */ = {isa = PBXBuildFile; fileRef = 03D1C88A1C781AFB00AF5475 /* SelectionSetTests.mm */; };
		030AC7131C781B9F00219938 /* SelectionTests.mm in Sources */ = {isa = PBXBuildFile; fileRef = 03D1C88B1C781AFB00AF5475 /* SelectionTests.mm */; };
		030AC7161C781BD300219938 /* libQuip.Core.a in Frameworks */ = {isa = PBXBuildFile; fileRef = 03D1C8241C78196400AF5475 /* libQuip.Core.a */; };
		031FC0D01D3BE6CF00628179 /* KeySequence.cpp in Sources */ = {isa = PBXBuildFile; fileRef = 031FC0CE1D3BE6CF00628179 /* KeySequence.cpp */; };
		031FC0D11D3BE6CF00628179 /* KeySequence.hpp in Headers */ = {isa = PBXBuildFile; fileRef = 031FC0CF1D3BE6CF00628179 /* KeySequence.hpp */; };
		031FC0D41D3BE9AD00628179 /* MapTrie.cpp in Sources */ = {isa = PBXBuildFile; fileRef = 031FC0D21D3BE9AD00628179 /* MapTrie.cpp */; };
		031FC0D51D3BE9AD00628179 /* MapTrie.hpp in Headers */ = {isa = PBXBuildFile; fileRef = 031FC0D31D3BE9AD00628179 /* MapTrie.hpp */; };
		031FC0D81D3BEA0700628179 /* MapTrieNode.cpp in Sources */ = {isa = PBXBuildFile; fileRef = 031FC0D61D3BEA0700628179 /* MapTrieNode.cpp */; };
		031FC0D91D3BEA0700628179 /* MapTrieNode.hpp in Headers */ = {isa = PBXBuildFile; fileRef = 031FC0D71D3BEA0700628179 /* MapTrieNode.hpp */; };
		031FC0DD1D3BFD4100628179 /* KeySequenceTests.mm in Sources */ = {isa = PBXBuildFile; fileRef = 031FC0DC1D3BFD4100628179 /* KeySequenceTests.mm */; };
		031FC0E11D3C0F1F00628179 /* Key.cpp in Sources */ = {isa = PBXBuildFile; fileRef = 031FC0E01D3C0F1F00628179 /* Key.cpp */; };
		03372BFC1E3C1F19005342DD /* SelectorTests.mm in Sources */ = {isa = PBXBuildFile; fileRef = 03372BFB1E3C1F19005342DD /* SelectorTests.mm */; };
		033CA9721D011ED200ABD567 /* Transaction.cpp in Sources */ = {isa = PBXBuildFile; fileRef = 033CA9701D011ED200ABD567 /* Transaction.cpp */; };
		033CA9751D011FDA00ABD567 /* InsertTransaction.cpp in Sources */ = {isa = PBXBuildFile; fileRef = 033CA9731D011FDA00ABD567 /* InsertTransaction.cpp */; };
		033CA9791D01273400ABD567 /* EraseTransaction.cpp in Sources */ = {isa = PBXBuildFile; fileRef = 033CA9771D01273400ABD567 /* EraseTransaction.cpp */; };
		03532D4C1D8B5D700007E2BF /* DrawingService.cpp in Sources */ = {isa = PBXBuildFile; fileRef = 03532D4A1D8B5D700007E2BF /* DrawingService.cpp */; };
		03532D4D1D8B5D700007E2BF /* DrawingService.hpp in Headers */ = {isa = PBXBuildFile; fileRef = 03532D4B1D8B5D700007E2BF /* DrawingService.hpp */; };
		03532D501D8B5DD30007E2BF /* Extent.cpp in Sources */ = {isa = PBXBuildFile; fileRef = 03532D4E1D8B5DD30007E2BF /* Extent.cpp */; };
		03532D511D8B5DD30007E2BF /* Extent.hpp in Headers */ = {isa = PBXBuildFile; fileRef = 03532D4F1D8B5DD30007E2BF /* Extent.hpp */; };
		03532D531D8B5E5A0007E2BF /* ExtentTests.mm in Sources */ = {isa = PBXBuildFile; fileRef = 03532D521D8B5E5A0007E2BF /* ExtentTests.mm */; };
		03532D551D8B5F490007E2BF /* DrawingServiceProvider.mm in Sources */ = {isa = PBXBuildFile; fileRef = 03532D541D8B5F490007E2BF /* DrawingServiceProvider.mm */; };
		03532D591D8B63D10007E2BF /* Rectangle.cpp in Sources */ = {isa = PBXBuildFile; fileRef = 03532D571D8B63D10007E2BF /* Rectangle.cpp */; };
		03532D5A1D8B63D10007E2BF /* Rectangle.hpp in Headers */ = {isa = PBXBuildFile; fileRef = 03532D581D8B63D10007E2BF /* Rectangle.hpp */; };
		03532D5D1D8B65840007E2BF /* Coordinate.cpp in Sources */ = {isa = PBXBuildFile; fileRef = 03532D5B1D8B65840007E2BF /* Coordinate.cpp */; };
		03532D5E1D8B65840007E2BF /* Coordinate.hpp in Headers */ = {isa = PBXBuildFile; fileRef = 03532D5C1D8B65840007E2BF /* Coordinate.hpp */; };
		03532D601D8B65DF0007E2BF /* CoordinateTests.mm in Sources */ = {isa = PBXBuildFile; fileRef = 03532D5F1D8B65DF0007E2BF /* CoordinateTests.mm */; };
		036FD3FD1D75356D006EDD9E /* ChangeType.hpp in Headers */ = {isa = PBXBuildFile; fileRef = 036FD3FC1D75356D006EDD9E /* ChangeType.hpp */; };
		036FD3FF1D75CDC7006EDD9E /* SignalTests.mm in Sources */ = {isa = PBXBuildFile; fileRef = 036FD3FE1D75CDC7006EDD9E /* SignalTests.mm */; };
		0371316F1E2BC3EE00EE78F6 /* GlobalSettings.cpp in Sources */ = {isa = PBXBuildFile; fileRef = 0371316D1E2BC3EE00EE78F6 /* GlobalSettings.cpp */; };
		037131701E2BC3EE00EE78F6 /* GlobalSettings.hpp in Headers */ = {isa = PBXBuildFile; fileRef = 0371316E1E2BC3EE00EE78F6 /* GlobalSettings.hpp */; };
		0374FD8B1E2AFE9600CA3196 /* AppendTransaction.cpp in Sources */ = {isa = PBXBuildFile; fileRef = 0374FD891E2AFE9600CA3196 /* AppendTransaction.cpp */; };
		0374FD8C1E2AFE9600CA3196 /* AppendTransaction.hpp in Headers */ = {isa = PBXBuildFile; fileRef = 0374FD8A1E2AFE9600CA3196 /* AppendTransaction.hpp */; };
		037DCDEB1C8B6F7100643D44 /* SelectionDrawInfo.cpp in Sources */ = {isa = PBXBuildFile; fileRef = 037DCDE91C8B6F7100643D44 /* SelectionDrawInfo.cpp */; };
		037DCDEC1C8B6F7100643D44 /* SelectionDrawInfo.hpp in Headers */ = {isa = PBXBuildFile; fileRef = 037DCDEA1C8B6F7100643D44 /* SelectionDrawInfo.hpp */; };
		037F306F1D47A6D5009F6EE2 /* StatusService.cpp in Sources */ = {isa = PBXBuildFile; fileRef = 037F306D1D47A6D5009F6EE2 /* StatusService.cpp */; };
		037F30701D47A6D5009F6EE2 /* StatusService.hpp in Headers */ = {isa = PBXBuildFile; fileRef = 037F306E1D47A6D5009F6EE2 /* StatusService.hpp */; };
		037F30731D47A734009F6EE2 /* StatusServiceProvider.mm in Sources */ = {isa = PBXBuildFile; fileRef = 037F30721D47A734009F6EE2 /* StatusServiceProvider.mm */; };
		038806C31D470D25001E56F1 /* QuipPopupView.mm in Sources */ = {isa = PBXBuildFile; fileRef = 038806C21D470D25001E56F1 /* QuipPopupView.mm */; };
		038806C71D470E5C001E56F1 /* PopupService.cpp in Sources */ = {isa = PBXBuildFile; fileRef = 038806C51D470E5C001E56F1 /* PopupService.cpp */; };
		038806C81D470E5C001E56F1 /* PopupService.hpp in Headers */ = {isa = PBXBuildFile; fileRef = 038806C61D470E5C001E56F1 /* PopupService.hpp */; };
		038806CF1D4714BE001E56F1 /* PopupServiceProvider.mm in Sources */ = {isa = PBXBuildFile; fileRef = 038806CE1D4714BE001E56F1 /* PopupServiceProvider.mm */; };
		038ECDDB1C698FE2002E571D /* QuipApplicationDelegate.mm in Sources */ = {isa = PBXBuildFile; fileRef = 038ECDCE1C698FE2002E571D /* QuipApplicationDelegate.mm */; };
		038ECDDD1C698FE2002E571D /* main.m in Sources */ = {isa = PBXBuildFile; fileRef = 038ECDD01C698FE2002E571D /* main.m */; };
		038ECDDE1C698FE2002E571D /* MainMenu.xib in Resources */ = {isa = PBXBuildFile; fileRef = 038ECDD11C698FE2002E571D /* MainMenu.xib */; };
		038ECDDF1C698FE2002E571D /* QuipDocument.mm in Sources */ = {isa = PBXBuildFile; fileRef = 038ECDD31C698FE2002E571D /* QuipDocument.mm */; };
		038ECDE01C698FE2002E571D /* QuipStatusView.mm in Sources */ = {isa = PBXBuildFile; fileRef = 038ECDD51C698FE2002E571D /* QuipStatusView.mm */; };
		038ECDE11C698FE2002E571D /* QuipTextView.mm in Sources */ = {isa = PBXBuildFile; fileRef = 038ECDD71C698FE2002E571D /* QuipTextView.mm */; };
		038ECDE21C698FE2002E571D /* QuipWindowController.mm in Sources */ = {isa = PBXBuildFile; fileRef = 038ECDD91C698FE2002E571D /* QuipWindowController.mm */; };
		038ECDE31C698FE2002E571D /* QuipWindowController.xib in Resources */ = {isa = PBXBuildFile; fileRef = 038ECDDA1C698FE2002E571D /* QuipWindowController.xib */; };
		038ECDE71C699039002E571D /* Images.xcassets in Resources */ = {isa = PBXBuildFile; fileRef = 038ECDE61C699039002E571D /* Images.xcassets */; };
		039037171D09065500CC932C /* UnknownSyntax.cpp in Sources */ = {isa = PBXBuildFile; fileRef = 039037151D09065500CC932C /* UnknownSyntax.cpp */; };
		039037181D09065500CC932C /* UnknownSyntax.hpp in Headers */ = {isa = PBXBuildFile; fileRef = 039037161D09065500CC932C /* UnknownSyntax.hpp */; };
		0390371B1D090D9400CC932C /* MarkdownSyntax.cpp in Sources */ = {isa = PBXBuildFile; fileRef = 039037191D090D9400CC932C /* MarkdownSyntax.cpp */; };
		0390371C1D090D9400CC932C /* MarkdownSyntax.hpp in Headers */ = {isa = PBXBuildFile; fileRef = 0390371A1D090D9400CC932C /* MarkdownSyntax.hpp */; };
		03D1C8661C7819E600AF5475 /* EditContext.cpp in Sources */ = {isa = PBXBuildFile; fileRef = 03D1C82A1C78197200AF5475 /* EditContext.cpp */; };
		03D1C8671C7819ED00AF5475 /* Document.cpp in Sources */ = {isa = PBXBuildFile; fileRef = 03D1C82D1C78197200AF5475 /* Document.cpp */; };
		03D1C8681C7819ED00AF5475 /* DocumentIterator.cpp in Sources */ = {isa = PBXBuildFile; fileRef = 03D1C82F1C78197200AF5475 /* DocumentIterator.cpp */; };
		03D1C8691C7819ED00AF5475 /* Location.cpp in Sources */ = {isa = PBXBuildFile; fileRef = 03D1C8311C78197200AF5475 /* Location.cpp */; };
		03D1C86A1C7819F400AF5475 /* AttributeRange.cpp in Sources */ = {isa = PBXBuildFile; fileRef = 03D1C8341C78197200AF5475 /* AttributeRange.cpp */; };
		03D1C86B1C7819F400AF5475 /* Syntax.cpp in Sources */ = {isa = PBXBuildFile; fileRef = 03D1C8361C78197200AF5475 /* Syntax.cpp */; };
		03D1C86D1C7819FB00AF5475 /* Mode.cpp in Sources */ = {isa = PBXBuildFile; fileRef = 03D1C83D1C78197200AF5475 /* Mode.cpp */; };
		03D1C86E1C781A0100AF5475 /* EditMode.cpp in Sources */ = {isa = PBXBuildFile; fileRef = 03D1C83F1C78197200AF5475 /* EditMode.cpp */; };
		03D1C86F1C781A0100AF5475 /* NormalMode.cpp in Sources */ = {isa = PBXBuildFile; fileRef = 03D1C8411C78197200AF5475 /* NormalMode.cpp */; };
		03D1C8701C781A0100AF5475 /* SearchMode.cpp in Sources */ = {isa = PBXBuildFile; fileRef = 03D1C8431C78197200AF5475 /* SearchMode.cpp */; };
		03D1C8711C781A0900AF5475 /* SearchExpression.cpp in Sources */ = {isa = PBXBuildFile; fileRef = 03D1C8471C78197200AF5475 /* SearchExpression.cpp */; };
		03D1C8721C781A0900AF5475 /* Selection.cpp in Sources */ = {isa = PBXBuildFile; fileRef = 03D1C8491C78197200AF5475 /* Selection.cpp */; };
		03D1C8731C781A0900AF5475 /* SelectionSet.cpp in Sources */ = {isa = PBXBuildFile; fileRef = 03D1C84B1C78197200AF5475 /* SelectionSet.cpp */; };
		03D1C8751C781A1000AF5475 /* Color.cpp in Sources */ = {isa = PBXBuildFile; fileRef = 03D1C8531C78197200AF5475 /* Color.cpp */; };
		03D1C87F1C781A4A00AF5475 /* libQuip.Core.a in Frameworks */ = {isa = PBXBuildFile; fileRef = 03D1C8241C78196400AF5475 /* libQuip.Core.a */; };
		03DC0F0F1C96674A0082EC8C /* QuipDocumentController.mm in Sources */ = {isa = PBXBuildFile; fileRef = 03DC0F0E1C96674A0082EC8C /* QuipDocumentController.mm */; };
		03E10D961D0C7CF200DFC8D0 /* JumpMode.cpp in Sources */ = {isa = PBXBuildFile; fileRef = 03E10D941D0C7CF200DFC8D0 /* JumpMode.cpp */; };
		03E10D971D0C7CF200DFC8D0 /* JumpMode.hpp in Headers */ = {isa = PBXBuildFile; fileRef = 03E10D951D0C7CF200DFC8D0 /* JumpMode.hpp */; };
		03E7B5001C9A596700BA1F82 /* Selector.cpp in Sources */ = {isa = PBXBuildFile; fileRef = 03E7B4FE1C9A596700BA1F82 /* Selector.cpp */; };
		03E7B5011C9A596700BA1F82 /* Selector.hpp in Headers */ = {isa = PBXBuildFile; fileRef = 03E7B4FF1C9A596700BA1F82 /* Selector.hpp */; };
		03FCA8F91D88BFAF00B1C574 /* FileTypeDatabase.cpp in Sources */ = {isa = PBXBuildFile; fileRef = 03FCA8F71D88BFAF00B1C574 /* FileTypeDatabase.cpp */; };
		03FCA8FA1D88BFAF00B1C574 /* FileTypeDatabase.hpp in Headers */ = {isa = PBXBuildFile; fileRef = 03FCA8F81D88BFAF00B1C574 /* FileTypeDatabase.hpp */; };
/* End PBXBuildFile section */

/* Begin PBXContainerItemProxy section */
		030AC7141C781BCF00219938 /* PBXContainerItemProxy */ = {
			isa = PBXContainerItemProxy;
			containerPortal = 03CCFAE31BF1A1BE0033929E /* Project object */;
			proxyType = 1;
			remoteGlobalIDString = 03D1C8231C78196400AF5475;
			remoteInfo = Quip.Core;
		};
		03D1C8801C781A4A00AF5475 /* PBXContainerItemProxy */ = {
			isa = PBXContainerItemProxy;
			containerPortal = 03CCFAE31BF1A1BE0033929E /* Project object */;
			proxyType = 1;
			remoteGlobalIDString = 03D1C8231C78196400AF5475;
			remoteInfo = Quip.Core;
		};
/* End PBXContainerItemProxy section */

/* Begin PBXFileReference section */
		031FC0CE1D3BE6CF00628179 /* KeySequence.cpp */ = {isa = PBXFileReference; fileEncoding = 4; lastKnownFileType = sourcecode.cpp.cpp; name = KeySequence.cpp; path = Source/Core/KeySequence.cpp; sourceTree = "<group>"; };
		031FC0CF1D3BE6CF00628179 /* KeySequence.hpp */ = {isa = PBXFileReference; fileEncoding = 4; lastKnownFileType = sourcecode.cpp.h; name = KeySequence.hpp; path = Source/Core/KeySequence.hpp; sourceTree = "<group>"; };
		031FC0D21D3BE9AD00628179 /* MapTrie.cpp */ = {isa = PBXFileReference; fileEncoding = 4; lastKnownFileType = sourcecode.cpp.cpp; name = MapTrie.cpp; path = Source/Core/MapTrie.cpp; sourceTree = "<group>"; };
		031FC0D31D3BE9AD00628179 /* MapTrie.hpp */ = {isa = PBXFileReference; fileEncoding = 4; lastKnownFileType = sourcecode.cpp.h; name = MapTrie.hpp; path = Source/Core/MapTrie.hpp; sourceTree = "<group>"; };
		031FC0D61D3BEA0700628179 /* MapTrieNode.cpp */ = {isa = PBXFileReference; fileEncoding = 4; lastKnownFileType = sourcecode.cpp.cpp; name = MapTrieNode.cpp; path = Source/Core/MapTrieNode.cpp; sourceTree = "<group>"; };
		031FC0D71D3BEA0700628179 /* MapTrieNode.hpp */ = {isa = PBXFileReference; fileEncoding = 4; lastKnownFileType = sourcecode.cpp.h; name = MapTrieNode.hpp; path = Source/Core/MapTrieNode.hpp; sourceTree = "<group>"; };
		031FC0DC1D3BFD4100628179 /* KeySequenceTests.mm */ = {isa = PBXFileReference; fileEncoding = 4; lastKnownFileType = sourcecode.cpp.objcpp; name = KeySequenceTests.mm; path = Source/Tests/KeySequenceTests.mm; sourceTree = SOURCE_ROOT; };
		031FC0E01D3C0F1F00628179 /* Key.cpp */ = {isa = PBXFileReference; fileEncoding = 4; lastKnownFileType = sourcecode.cpp.cpp; name = Key.cpp; path = Source/Core/Key.cpp; sourceTree = "<group>"; };
		03372BFB1E3C1F19005342DD /* SelectorTests.mm */ = {isa = PBXFileReference; fileEncoding = 4; lastKnownFileType = sourcecode.cpp.objcpp; name = SelectorTests.mm; path = Source/Tests/SelectorTests.mm; sourceTree = SOURCE_ROOT; };
		033CA9701D011ED200ABD567 /* Transaction.cpp */ = {isa = PBXFileReference; fileEncoding = 4; lastKnownFileType = sourcecode.cpp.cpp; name = Transaction.cpp; path = Source/Core/Transaction.cpp; sourceTree = "<group>"; };
		033CA9711D011ED200ABD567 /* Transaction.hpp */ = {isa = PBXFileReference; fileEncoding = 4; lastKnownFileType = sourcecode.cpp.h; name = Transaction.hpp; path = Source/Core/Transaction.hpp; sourceTree = "<group>"; };
		033CA9731D011FDA00ABD567 /* InsertTransaction.cpp */ = {isa = PBXFileReference; fileEncoding = 4; lastKnownFileType = sourcecode.cpp.cpp; name = InsertTransaction.cpp; path = Source/Core/InsertTransaction.cpp; sourceTree = "<group>"; };
		033CA9741D011FDA00ABD567 /* InsertTransaction.hpp */ = {isa = PBXFileReference; fileEncoding = 4; lastKnownFileType = sourcecode.cpp.h; name = InsertTransaction.hpp; path = Source/Core/InsertTransaction.hpp; sourceTree = "<group>"; };
		033CA9771D01273400ABD567 /* EraseTransaction.cpp */ = {isa = PBXFileReference; fileEncoding = 4; lastKnownFileType = sourcecode.cpp.cpp; name = EraseTransaction.cpp; path = Source/Core/EraseTransaction.cpp; sourceTree = "<group>"; };
		033CA9781D01273400ABD567 /* EraseTransaction.hpp */ = {isa = PBXFileReference; fileEncoding = 4; lastKnownFileType = sourcecode.cpp.h; name = EraseTransaction.hpp; path = Source/Core/EraseTransaction.hpp; sourceTree = "<group>"; };
		03532D4A1D8B5D700007E2BF /* DrawingService.cpp */ = {isa = PBXFileReference; fileEncoding = 4; lastKnownFileType = sourcecode.cpp.cpp; name = DrawingService.cpp; path = Source/Core/DrawingService.cpp; sourceTree = "<group>"; };
		03532D4B1D8B5D700007E2BF /* DrawingService.hpp */ = {isa = PBXFileReference; fileEncoding = 4; lastKnownFileType = sourcecode.cpp.h; name = DrawingService.hpp; path = Source/Core/DrawingService.hpp; sourceTree = "<group>"; };
		03532D4E1D8B5DD30007E2BF /* Extent.cpp */ = {isa = PBXFileReference; fileEncoding = 4; lastKnownFileType = sourcecode.cpp.cpp; name = Extent.cpp; path = Source/Core/Extent.cpp; sourceTree = "<group>"; };
		03532D4F1D8B5DD30007E2BF /* Extent.hpp */ = {isa = PBXFileReference; fileEncoding = 4; lastKnownFileType = sourcecode.cpp.h; name = Extent.hpp; path = Source/Core/Extent.hpp; sourceTree = "<group>"; };
		03532D521D8B5E5A0007E2BF /* ExtentTests.mm */ = {isa = PBXFileReference; fileEncoding = 4; lastKnownFileType = sourcecode.cpp.objcpp; name = ExtentTests.mm; path = Source/Tests/ExtentTests.mm; sourceTree = SOURCE_ROOT; };
		03532D541D8B5F490007E2BF /* DrawingServiceProvider.mm */ = {isa = PBXFileReference; fileEncoding = 4; lastKnownFileType = sourcecode.cpp.objcpp; name = DrawingServiceProvider.mm; path = Source/Mac/DrawingServiceProvider.mm; sourceTree = "<group>"; };
		03532D561D8B5F650007E2BF /* DrawingServiceProvider.hpp */ = {isa = PBXFileReference; fileEncoding = 4; lastKnownFileType = sourcecode.cpp.h; name = DrawingServiceProvider.hpp; path = Source/Mac/DrawingServiceProvider.hpp; sourceTree = "<group>"; };
		03532D571D8B63D10007E2BF /* Rectangle.cpp */ = {isa = PBXFileReference; fileEncoding = 4; lastKnownFileType = sourcecode.cpp.cpp; name = Rectangle.cpp; path = Source/Core/Rectangle.cpp; sourceTree = "<group>"; };
		03532D581D8B63D10007E2BF /* Rectangle.hpp */ = {isa = PBXFileReference; fileEncoding = 4; lastKnownFileType = sourcecode.cpp.h; name = Rectangle.hpp; path = Source/Core/Rectangle.hpp; sourceTree = "<group>"; };
		03532D5B1D8B65840007E2BF /* Coordinate.cpp */ = {isa = PBXFileReference; fileEncoding = 4; lastKnownFileType = sourcecode.cpp.cpp; name = Coordinate.cpp; path = Source/Core/Coordinate.cpp; sourceTree = "<group>"; };
		03532D5C1D8B65840007E2BF /* Coordinate.hpp */ = {isa = PBXFileReference; fileEncoding = 4; lastKnownFileType = sourcecode.cpp.h; name = Coordinate.hpp; path = Source/Core/Coordinate.hpp; sourceTree = "<group>"; };
		03532D5F1D8B65DF0007E2BF /* CoordinateTests.mm */ = {isa = PBXFileReference; fileEncoding = 4; lastKnownFileType = sourcecode.cpp.objcpp; name = CoordinateTests.mm; path = Source/Tests/CoordinateTests.mm; sourceTree = SOURCE_ROOT; };
		036FD3FC1D75356D006EDD9E /* ChangeType.hpp */ = {isa = PBXFileReference; fileEncoding = 4; lastKnownFileType = sourcecode.cpp.h; name = ChangeType.hpp; path = Source/Core/ChangeType.hpp; sourceTree = "<group>"; };
		036FD3FE1D75CDC7006EDD9E /* SignalTests.mm */ = {isa = PBXFileReference; fileEncoding = 4; lastKnownFileType = sourcecode.cpp.objcpp; name = SignalTests.mm; path = Source/Tests/SignalTests.mm; sourceTree = SOURCE_ROOT; };
		0371316D1E2BC3EE00EE78F6 /* GlobalSettings.cpp */ = {isa = PBXFileReference; fileEncoding = 4; lastKnownFileType = sourcecode.cpp.cpp; name = GlobalSettings.cpp; path = Source/Core/GlobalSettings.cpp; sourceTree = "<group>"; };
		0371316E1E2BC3EE00EE78F6 /* GlobalSettings.hpp */ = {isa = PBXFileReference; fileEncoding = 4; lastKnownFileType = sourcecode.cpp.h; name = GlobalSettings.hpp; path = Source/Core/GlobalSettings.hpp; sourceTree = "<group>"; };
		0374FD891E2AFE9600CA3196 /* AppendTransaction.cpp */ = {isa = PBXFileReference; fileEncoding = 4; lastKnownFileType = sourcecode.cpp.cpp; name = AppendTransaction.cpp; path = Source/Core/AppendTransaction.cpp; sourceTree = "<group>"; };
		0374FD8A1E2AFE9600CA3196 /* AppendTransaction.hpp */ = {isa = PBXFileReference; fileEncoding = 4; lastKnownFileType = sourcecode.cpp.h; name = AppendTransaction.hpp; path = Source/Core/AppendTransaction.hpp; sourceTree = "<group>"; };
		037DCDE91C8B6F7100643D44 /* SelectionDrawInfo.cpp */ = {isa = PBXFileReference; fileEncoding = 4; lastKnownFileType = sourcecode.cpp.cpp; name = SelectionDrawInfo.cpp; path = Source/Core/SelectionDrawInfo.cpp; sourceTree = "<group>"; };
		037DCDEA1C8B6F7100643D44 /* SelectionDrawInfo.hpp */ = {isa = PBXFileReference; fileEncoding = 4; lastKnownFileType = sourcecode.cpp.h; name = SelectionDrawInfo.hpp; path = Source/Core/SelectionDrawInfo.hpp; sourceTree = "<group>"; };
		037DCDED1C8BA78B00643D44 /* CursorFlags.hpp */ = {isa = PBXFileReference; lastKnownFileType = sourcecode.cpp.h; name = CursorFlags.hpp; path = Source/Core/CursorFlags.hpp; sourceTree = "<group>"; };
		037F306D1D47A6D5009F6EE2 /* StatusService.cpp */ = {isa = PBXFileReference; fileEncoding = 4; lastKnownFileType = sourcecode.cpp.cpp; name = StatusService.cpp; path = Source/Core/StatusService.cpp; sourceTree = "<group>"; };
		037F306E1D47A6D5009F6EE2 /* StatusService.hpp */ = {isa = PBXFileReference; fileEncoding = 4; lastKnownFileType = sourcecode.cpp.h; name = StatusService.hpp; path = Source/Core/StatusService.hpp; sourceTree = "<group>"; };
		037F30711D47A734009F6EE2 /* StatusServiceProvider.hpp */ = {isa = PBXFileReference; fileEncoding = 4; lastKnownFileType = sourcecode.cpp.h; name = StatusServiceProvider.hpp; path = Source/Mac/StatusServiceProvider.hpp; sourceTree = "<group>"; };
		037F30721D47A734009F6EE2 /* StatusServiceProvider.mm */ = {isa = PBXFileReference; fileEncoding = 4; lastKnownFileType = sourcecode.cpp.objcpp; name = StatusServiceProvider.mm; path = Source/Mac/StatusServiceProvider.mm; sourceTree = "<group>"; };
		038806C11D470D25001E56F1 /* QuipPopupView.h */ = {isa = PBXFileReference; fileEncoding = 4; lastKnownFileType = sourcecode.c.h; name = QuipPopupView.h; path = Source/Mac/QuipPopupView.h; sourceTree = "<group>"; };
		038806C21D470D25001E56F1 /* QuipPopupView.mm */ = {isa = PBXFileReference; fileEncoding = 4; lastKnownFileType = sourcecode.cpp.objcpp; name = QuipPopupView.mm; path = Source/Mac/QuipPopupView.mm; sourceTree = "<group>"; };
		038806C51D470E5C001E56F1 /* PopupService.cpp */ = {isa = PBXFileReference; fileEncoding = 4; lastKnownFileType = sourcecode.cpp.cpp; name = PopupService.cpp; path = Source/Core/PopupService.cpp; sourceTree = "<group>"; };
		038806C61D470E5C001E56F1 /* PopupService.hpp */ = {isa = PBXFileReference; fileEncoding = 4; lastKnownFileType = sourcecode.cpp.h; name = PopupService.hpp; path = Source/Core/PopupService.hpp; sourceTree = "<group>"; };
		038806CE1D4714BE001E56F1 /* PopupServiceProvider.mm */ = {isa = PBXFileReference; fileEncoding = 4; lastKnownFileType = sourcecode.cpp.objcpp; name = PopupServiceProvider.mm; path = Source/Mac/PopupServiceProvider.mm; sourceTree = "<group>"; };
		038806D01D4714DC001E56F1 /* PopupServiceProvider.hpp */ = {isa = PBXFileReference; lastKnownFileType = sourcecode.cpp.h; name = PopupServiceProvider.hpp; path = Source/Mac/PopupServiceProvider.hpp; sourceTree = "<group>"; };
		038ECDCD1C698FE2002E571D /* QuipApplicationDelegate.h */ = {isa = PBXFileReference; fileEncoding = 4; lastKnownFileType = sourcecode.c.h; name = QuipApplicationDelegate.h; path = Source/Mac/QuipApplicationDelegate.h; sourceTree = "<group>"; };
		038ECDCE1C698FE2002E571D /* QuipApplicationDelegate.mm */ = {isa = PBXFileReference; fileEncoding = 4; lastKnownFileType = sourcecode.cpp.objcpp; name = QuipApplicationDelegate.mm; path = Source/Mac/QuipApplicationDelegate.mm; sourceTree = "<group>"; };
		038ECDCF1C698FE2002E571D /* Info.plist */ = {isa = PBXFileReference; fileEncoding = 4; lastKnownFileType = text.plist.xml; name = Info.plist; path = Source/Mac/Info.plist; sourceTree = "<group>"; };
		038ECDD01C698FE2002E571D /* main.m */ = {isa = PBXFileReference; fileEncoding = 4; lastKnownFileType = sourcecode.c.objc; name = main.m; path = Source/Mac/main.m; sourceTree = "<group>"; };
		038ECDD11C698FE2002E571D /* MainMenu.xib */ = {isa = PBXFileReference; fileEncoding = 4; lastKnownFileType = file.xib; name = MainMenu.xib; path = Source/Mac/MainMenu.xib; sourceTree = "<group>"; };
		038ECDD21C698FE2002E571D /* QuipDocument.h */ = {isa = PBXFileReference; fileEncoding = 4; lastKnownFileType = sourcecode.c.h; name = QuipDocument.h; path = Source/Mac/QuipDocument.h; sourceTree = "<group>"; };
		038ECDD31C698FE2002E571D /* QuipDocument.mm */ = {isa = PBXFileReference; fileEncoding = 4; lastKnownFileType = sourcecode.cpp.objcpp; name = QuipDocument.mm; path = Source/Mac/QuipDocument.mm; sourceTree = "<group>"; };
		038ECDD41C698FE2002E571D /* QuipStatusView.h */ = {isa = PBXFileReference; fileEncoding = 4; lastKnownFileType = sourcecode.c.h; name = QuipStatusView.h; path = Source/Mac/QuipStatusView.h; sourceTree = "<group>"; };
		038ECDD51C698FE2002E571D /* QuipStatusView.mm */ = {isa = PBXFileReference; fileEncoding = 4; lastKnownFileType = sourcecode.cpp.objcpp; name = QuipStatusView.mm; path = Source/Mac/QuipStatusView.mm; sourceTree = "<group>"; };
		038ECDD61C698FE2002E571D /* QuipTextView.h */ = {isa = PBXFileReference; fileEncoding = 4; lastKnownFileType = sourcecode.c.h; name = QuipTextView.h; path = Source/Mac/QuipTextView.h; sourceTree = "<group>"; };
		038ECDD71C698FE2002E571D /* QuipTextView.mm */ = {isa = PBXFileReference; fileEncoding = 4; lastKnownFileType = sourcecode.cpp.objcpp; name = QuipTextView.mm; path = Source/Mac/QuipTextView.mm; sourceTree = "<group>"; };
		038ECDD81C698FE2002E571D /* QuipWindowController.h */ = {isa = PBXFileReference; fileEncoding = 4; lastKnownFileType = sourcecode.c.h; name = QuipWindowController.h; path = Source/Mac/QuipWindowController.h; sourceTree = "<group>"; };
		038ECDD91C698FE2002E571D /* QuipWindowController.mm */ = {isa = PBXFileReference; fileEncoding = 4; lastKnownFileType = sourcecode.cpp.objcpp; name = QuipWindowController.mm; path = Source/Mac/QuipWindowController.mm; sourceTree = "<group>"; };
		038ECDDA1C698FE2002E571D /* QuipWindowController.xib */ = {isa = PBXFileReference; fileEncoding = 4; lastKnownFileType = file.xib; name = QuipWindowController.xib; path = Source/Mac/QuipWindowController.xib; sourceTree = "<group>"; };
		038ECDE61C699039002E571D /* Images.xcassets */ = {isa = PBXFileReference; lastKnownFileType = folder.assetcatalog; name = Images.xcassets; path = Resources/Images.xcassets; sourceTree = "<group>"; };
		039037151D09065500CC932C /* UnknownSyntax.cpp */ = {isa = PBXFileReference; fileEncoding = 4; lastKnownFileType = sourcecode.cpp.cpp; name = UnknownSyntax.cpp; path = Source/Core/UnknownSyntax.cpp; sourceTree = "<group>"; };
		039037161D09065500CC932C /* UnknownSyntax.hpp */ = {isa = PBXFileReference; fileEncoding = 4; lastKnownFileType = sourcecode.cpp.h; name = UnknownSyntax.hpp; path = Source/Core/UnknownSyntax.hpp; sourceTree = "<group>"; };
		039037191D090D9400CC932C /* MarkdownSyntax.cpp */ = {isa = PBXFileReference; fileEncoding = 4; lastKnownFileType = sourcecode.cpp.cpp; name = MarkdownSyntax.cpp; path = Source/Core/MarkdownSyntax.cpp; sourceTree = "<group>"; };
		0390371A1D090D9400CC932C /* MarkdownSyntax.hpp */ = {isa = PBXFileReference; fileEncoding = 4; lastKnownFileType = sourcecode.cpp.h; name = MarkdownSyntax.hpp; path = Source/Core/MarkdownSyntax.hpp; sourceTree = "<group>"; };
		03CCFAEB1BF1A1BE0033929E /* Quip.app */ = {isa = PBXFileReference; explicitFileType = wrapper.application; includeInIndex = 0; path = Quip.app; sourceTree = BUILT_PRODUCTS_DIR; };
		03D1C8241C78196400AF5475 /* libQuip.Core.a */ = {isa = PBXFileReference; explicitFileType = archive.ar; includeInIndex = 0; path = libQuip.Core.a; sourceTree = BUILT_PRODUCTS_DIR; };
		03D1C8291C78197200AF5475 /* EditContext.hpp */ = {isa = PBXFileReference; fileEncoding = 4; lastKnownFileType = sourcecode.cpp.h; name = EditContext.hpp; path = Source/Core/EditContext.hpp; sourceTree = "<group>"; };
		03D1C82A1C78197200AF5475 /* EditContext.cpp */ = {isa = PBXFileReference; fileEncoding = 4; lastKnownFileType = sourcecode.cpp.cpp; name = EditContext.cpp; path = Source/Core/EditContext.cpp; sourceTree = "<group>"; };
		03D1C82C1C78197200AF5475 /* Document.hpp */ = {isa = PBXFileReference; fileEncoding = 4; lastKnownFileType = sourcecode.cpp.h; name = Document.hpp; path = Source/Core/Document.hpp; sourceTree = "<group>"; };
		03D1C82D1C78197200AF5475 /* Document.cpp */ = {isa = PBXFileReference; fileEncoding = 4; lastKnownFileType = sourcecode.cpp.cpp; name = Document.cpp; path = Source/Core/Document.cpp; sourceTree = "<group>"; };
		03D1C82E1C78197200AF5475 /* DocumentIterator.hpp */ = {isa = PBXFileReference; fileEncoding = 4; lastKnownFileType = sourcecode.cpp.h; name = DocumentIterator.hpp; path = Source/Core/DocumentIterator.hpp; sourceTree = "<group>"; };
		03D1C82F1C78197200AF5475 /* DocumentIterator.cpp */ = {isa = PBXFileReference; fileEncoding = 4; lastKnownFileType = sourcecode.cpp.cpp; name = DocumentIterator.cpp; path = Source/Core/DocumentIterator.cpp; sourceTree = "<group>"; };
		03D1C8301C78197200AF5475 /* Location.hpp */ = {isa = PBXFileReference; fileEncoding = 4; lastKnownFileType = sourcecode.cpp.h; name = Location.hpp; path = Source/Core/Location.hpp; sourceTree = "<group>"; };
		03D1C8311C78197200AF5475 /* Location.cpp */ = {isa = PBXFileReference; fileEncoding = 4; lastKnownFileType = sourcecode.cpp.cpp; name = Location.cpp; path = Source/Core/Location.cpp; sourceTree = "<group>"; };
		03D1C8331C78197200AF5475 /* AttributeRange.hpp */ = {isa = PBXFileReference; fileEncoding = 4; lastKnownFileType = sourcecode.cpp.h; name = AttributeRange.hpp; path = Source/Core/AttributeRange.hpp; sourceTree = "<group>"; };
		03D1C8341C78197200AF5475 /* AttributeRange.cpp */ = {isa = PBXFileReference; fileEncoding = 4; lastKnownFileType = sourcecode.cpp.cpp; name = AttributeRange.cpp; path = Source/Core/AttributeRange.cpp; sourceTree = "<group>"; };
		03D1C8351C78197200AF5475 /* Syntax.hpp */ = {isa = PBXFileReference; fileEncoding = 4; lastKnownFileType = sourcecode.cpp.h; name = Syntax.hpp; path = Source/Core/Syntax.hpp; sourceTree = "<group>"; };
		03D1C8361C78197200AF5475 /* Syntax.cpp */ = {isa = PBXFileReference; fileEncoding = 4; lastKnownFileType = sourcecode.cpp.cpp; name = Syntax.cpp; path = Source/Core/Syntax.cpp; sourceTree = "<group>"; };
		03D1C8381C78197200AF5475 /* CursorStyle.hpp */ = {isa = PBXFileReference; fileEncoding = 4; lastKnownFileType = sourcecode.cpp.h; name = CursorStyle.hpp; path = Source/Core/CursorStyle.hpp; sourceTree = "<group>"; };
		03D1C8391C78197200AF5475 /* Key.hpp */ = {isa = PBXFileReference; fileEncoding = 4; lastKnownFileType = sourcecode.cpp.h; name = Key.hpp; path = Source/Core/Key.hpp; sourceTree = "<group>"; };
		03D1C83C1C78197200AF5475 /* Mode.hpp */ = {isa = PBXFileReference; fileEncoding = 4; lastKnownFileType = sourcecode.cpp.h; name = Mode.hpp; path = Source/Core/Mode.hpp; sourceTree = "<group>"; };
		03D1C83D1C78197200AF5475 /* Mode.cpp */ = {isa = PBXFileReference; fileEncoding = 4; lastKnownFileType = sourcecode.cpp.cpp; name = Mode.cpp; path = Source/Core/Mode.cpp; sourceTree = "<group>"; };
		03D1C83E1C78197200AF5475 /* EditMode.hpp */ = {isa = PBXFileReference; fileEncoding = 4; lastKnownFileType = sourcecode.cpp.h; name = EditMode.hpp; path = Source/Core/EditMode.hpp; sourceTree = "<group>"; };
		03D1C83F1C78197200AF5475 /* EditMode.cpp */ = {isa = PBXFileReference; fileEncoding = 4; lastKnownFileType = sourcecode.cpp.cpp; name = EditMode.cpp; path = Source/Core/EditMode.cpp; sourceTree = "<group>"; };
		03D1C8401C78197200AF5475 /* NormalMode.hpp */ = {isa = PBXFileReference; fileEncoding = 4; lastKnownFileType = sourcecode.cpp.h; name = NormalMode.hpp; path = Source/Core/NormalMode.hpp; sourceTree = "<group>"; };
		03D1C8411C78197200AF5475 /* NormalMode.cpp */ = {isa = PBXFileReference; fileEncoding = 4; lastKnownFileType = sourcecode.cpp.cpp; name = NormalMode.cpp; path = Source/Core/NormalMode.cpp; sourceTree = "<group>"; };
		03D1C8421C78197200AF5475 /* SearchMode.hpp */ = {isa = PBXFileReference; fileEncoding = 4; lastKnownFileType = sourcecode.cpp.h; name = SearchMode.hpp; path = Source/Core/SearchMode.hpp; sourceTree = "<group>"; };
		03D1C8431C78197200AF5475 /* SearchMode.cpp */ = {isa = PBXFileReference; fileEncoding = 4; lastKnownFileType = sourcecode.cpp.cpp; name = SearchMode.cpp; path = Source/Core/SearchMode.cpp; sourceTree = "<group>"; };
		03D1C8461C78197200AF5475 /* SearchExpression.hpp */ = {isa = PBXFileReference; fileEncoding = 4; lastKnownFileType = sourcecode.cpp.h; name = SearchExpression.hpp; path = Source/Core/SearchExpression.hpp; sourceTree = "<group>"; };
		03D1C8471C78197200AF5475 /* SearchExpression.cpp */ = {isa = PBXFileReference; fileEncoding = 4; lastKnownFileType = sourcecode.cpp.cpp; name = SearchExpression.cpp; path = Source/Core/SearchExpression.cpp; sourceTree = "<group>"; };
		03D1C8481C78197200AF5475 /* Selection.hpp */ = {isa = PBXFileReference; fileEncoding = 4; lastKnownFileType = sourcecode.cpp.h; name = Selection.hpp; path = Source/Core/Selection.hpp; sourceTree = "<group>"; };
		03D1C8491C78197200AF5475 /* Selection.cpp */ = {isa = PBXFileReference; fileEncoding = 4; lastKnownFileType = sourcecode.cpp.cpp; name = Selection.cpp; path = Source/Core/Selection.cpp; sourceTree = "<group>"; };
		03D1C84A1C78197200AF5475 /* SelectionSet.hpp */ = {isa = PBXFileReference; fileEncoding = 4; lastKnownFileType = sourcecode.cpp.h; name = SelectionSet.hpp; path = Source/Core/SelectionSet.hpp; sourceTree = "<group>"; };
		03D1C84B1C78197200AF5475 /* SelectionSet.cpp */ = {isa = PBXFileReference; fileEncoding = 4; lastKnownFileType = sourcecode.cpp.cpp; name = SelectionSet.cpp; path = Source/Core/SelectionSet.cpp; sourceTree = "<group>"; };
		03D1C84C1C78197200AF5475 /* SelectionSetIterator.hpp */ = {isa = PBXFileReference; fileEncoding = 4; lastKnownFileType = sourcecode.cpp.h; name = SelectionSetIterator.hpp; path = Source/Core/SelectionSetIterator.hpp; sourceTree = "<group>"; };
		03D1C84F1C78197200AF5475 /* ViewController.hpp */ = {isa = PBXFileReference; fileEncoding = 4; lastKnownFileType = sourcecode.cpp.h; name = ViewController.hpp; path = Source/Core/ViewController.hpp; sourceTree = "<group>"; };
		03D1C8511C78197200AF5475 /* Signal.hpp */ = {isa = PBXFileReference; fileEncoding = 4; lastKnownFileType = sourcecode.cpp.h; name = Signal.hpp; path = Source/Core/Signal.hpp; sourceTree = "<group>"; };
		03D1C8521C78197200AF5475 /* Color.hpp */ = {isa = PBXFileReference; fileEncoding = 4; lastKnownFileType = sourcecode.cpp.h; name = Color.hpp; path = Source/Core/Color.hpp; sourceTree = "<group>"; };
		03D1C8531C78197200AF5475 /* Color.cpp */ = {isa = PBXFileReference; fileEncoding = 4; lastKnownFileType = sourcecode.cpp.cpp; name = Color.cpp; path = Source/Core/Color.cpp; sourceTree = "<group>"; };
		03D1C87A1C781A4A00AF5475 /* Quip.Core.Tests.xctest */ = {isa = PBXFileReference; explicitFileType = wrapper.cfbundle; includeInIndex = 0; path = Quip.Core.Tests.xctest; sourceTree = BUILT_PRODUCTS_DIR; };
		03D1C8851C781AFB00AF5475 /* DocumentIteratorTests.mm */ = {isa = PBXFileReference; fileEncoding = 4; lastKnownFileType = sourcecode.cpp.objcpp; name = DocumentIteratorTests.mm; path = Source/Tests/DocumentIteratorTests.mm; sourceTree = SOURCE_ROOT; };
		03D1C8861C781AFB00AF5475 /* DocumentTests.mm */ = {isa = PBXFileReference; fileEncoding = 4; lastKnownFileType = sourcecode.cpp.objcpp; name = DocumentTests.mm; path = Source/Tests/DocumentTests.mm; sourceTree = SOURCE_ROOT; };
		03D1C8871C781AFB00AF5475 /* Info.plist */ = {isa = PBXFileReference; fileEncoding = 4; lastKnownFileType = text.plist.xml; name = Info.plist; path = Source/Tests/Info.plist; sourceTree = SOURCE_ROOT; };
		03D1C8881C781AFB00AF5475 /* LocationTests.mm */ = {isa = PBXFileReference; fileEncoding = 4; lastKnownFileType = sourcecode.cpp.objcpp; name = LocationTests.mm; path = Source/Tests/LocationTests.mm; sourceTree = SOURCE_ROOT; };
		03D1C8891C781AFB00AF5475 /* SearchExpressionTests.mm */ = {isa = PBXFileReference; fileEncoding = 4; lastKnownFileType = sourcecode.cpp.objcpp; name = SearchExpressionTests.mm; path = Source/Tests/SearchExpressionTests.mm; sourceTree = SOURCE_ROOT; };
		03D1C88A1C781AFB00AF5475 /* SelectionSetTests.mm */ = {isa = PBXFileReference; fileEncoding = 4; lastKnownFileType = sourcecode.cpp.objcpp; name = SelectionSetTests.mm; path = Source/Tests/SelectionSetTests.mm; sourceTree = SOURCE_ROOT; };
		03D1C88B1C781AFB00AF5475 /* SelectionTests.mm */ = {isa = PBXFileReference; fileEncoding = 4; lastKnownFileType = sourcecode.cpp.objcpp; name = SelectionTests.mm; path = Source/Tests/SelectionTests.mm; sourceTree = SOURCE_ROOT; };
		03DC0F0D1C96674A0082EC8C /* QuipDocumentController.h */ = {isa = PBXFileReference; fileEncoding = 4; lastKnownFileType = sourcecode.c.h; name = QuipDocumentController.h; path = Source/Mac/QuipDocumentController.h; sourceTree = "<group>"; };
		03DC0F0E1C96674A0082EC8C /* QuipDocumentController.mm */ = {isa = PBXFileReference; fileEncoding = 4; lastKnownFileType = sourcecode.cpp.objcpp; name = QuipDocumentController.mm; path = Source/Mac/QuipDocumentController.mm; sourceTree = "<group>"; };
		03DFA5101D07C5DD004CBE46 /* SelectionSetIterator.inl */ = {isa = PBXFileReference; lastKnownFileType = text; name = SelectionSetIterator.inl; path = Source/Core/SelectionSetIterator.inl; sourceTree = "<group>"; };
		03E10D941D0C7CF200DFC8D0 /* JumpMode.cpp */ = {isa = PBXFileReference; fileEncoding = 4; lastKnownFileType = sourcecode.cpp.cpp; name = JumpMode.cpp; path = Source/Core/JumpMode.cpp; sourceTree = "<group>"; };
		03E10D951D0C7CF200DFC8D0 /* JumpMode.hpp */ = {isa = PBXFileReference; fileEncoding = 4; lastKnownFileType = sourcecode.cpp.h; name = JumpMode.hpp; path = Source/Core/JumpMode.hpp; sourceTree = "<group>"; };
		03E7B4FE1C9A596700BA1F82 /* Selector.cpp */ = {isa = PBXFileReference; fileEncoding = 4; lastKnownFileType = sourcecode.cpp.cpp; name = Selector.cpp; path = Source/Core/Selector.cpp; sourceTree = "<group>"; };
		03E7B4FF1C9A596700BA1F82 /* Selector.hpp */ = {isa = PBXFileReference; fileEncoding = 4; lastKnownFileType = sourcecode.cpp.h; name = Selector.hpp; path = Source/Core/Selector.hpp; sourceTree = "<group>"; };
		03FCA8F71D88BFAF00B1C574 /* FileTypeDatabase.cpp */ = {isa = PBXFileReference; fileEncoding = 4; lastKnownFileType = sourcecode.cpp.cpp; name = FileTypeDatabase.cpp; path = Source/Core/FileTypeDatabase.cpp; sourceTree = "<group>"; };
		03FCA8F81D88BFAF00B1C574 /* FileTypeDatabase.hpp */ = {isa = PBXFileReference; fileEncoding = 4; lastKnownFileType = sourcecode.cpp.h; name = FileTypeDatabase.hpp; path = Source/Core/FileTypeDatabase.hpp; sourceTree = "<group>"; };
/* End PBXFileReference section */

/* Begin PBXFrameworksBuildPhase section */
		03CCFAE81BF1A1BE0033929E /* Frameworks */ = {
			isa = PBXFrameworksBuildPhase;
			buildActionMask = 2147483647;
			files = (
				030AC7161C781BD300219938 /* libQuip.Core.a in Frameworks */,
			);
			runOnlyForDeploymentPostprocessing = 0;
		};
		03D1C8211C78196400AF5475 /* Frameworks */ = {
			isa = PBXFrameworksBuildPhase;
			buildActionMask = 2147483647;
			files = (
			);
			runOnlyForDeploymentPostprocessing = 0;
		};
		03D1C8771C781A4A00AF5475 /* Frameworks */ = {
			isa = PBXFrameworksBuildPhase;
			buildActionMask = 2147483647;
			files = (
				03D1C87F1C781A4A00AF5475 /* libQuip.Core.a in Frameworks */,
			);
			runOnlyForDeploymentPostprocessing = 0;
		};
/* End PBXFrameworksBuildPhase section */

/* Begin PBXGroup section */
		033CA96F1D011EB500ABD567 /* Transaction */ = {
			isa = PBXGroup;
			children = (
				036FD3FC1D75356D006EDD9E /* ChangeType.hpp */,
				033CA9711D011ED200ABD567 /* Transaction.hpp */,
				033CA9701D011ED200ABD567 /* Transaction.cpp */,
				033CA9761D0122B600ABD567 /* Implementations */,
			);
			name = Transaction;
			sourceTree = "<group>";
		};
		033CA9761D0122B600ABD567 /* Implementations */ = {
			isa = PBXGroup;
			children = (
				0374FD8A1E2AFE9600CA3196 /* AppendTransaction.hpp */,
				0374FD891E2AFE9600CA3196 /* AppendTransaction.cpp */,
				033CA9741D011FDA00ABD567 /* InsertTransaction.hpp */,
				033CA9731D011FDA00ABD567 /* InsertTransaction.cpp */,
				033CA9781D01273400ABD567 /* EraseTransaction.hpp */,
				033CA9771D01273400ABD567 /* EraseTransaction.cpp */,
			);
			name = Implementations;
			sourceTree = "<group>";
		};
		03532D491D8B5D5E0007E2BF /* Drawing */ = {
			isa = PBXGroup;
			children = (
				03532D4B1D8B5D700007E2BF /* DrawingService.hpp */,
				03532D4A1D8B5D700007E2BF /* DrawingService.cpp */,
			);
			name = Drawing;
			sourceTree = "<group>";
		};
		035B12A81D07D5B500C7ADF3 /* Syntax */ = {
			isa = PBXGroup;
			children = (
				039037161D09065500CC932C /* UnknownSyntax.hpp */,
				039037151D09065500CC932C /* UnknownSyntax.cpp */,
				0390371A1D090D9400CC932C /* MarkdownSyntax.hpp */,
				039037191D090D9400CC932C /* MarkdownSyntax.cpp */,
			);
			name = Syntax;
			sourceTree = "<group>";
		};
		0371316B1E2BC3CB00EE78F6 /* Configuration */ = {
			isa = PBXGroup;
			children = (
				0371316E1E2BC3EE00EE78F6 /* GlobalSettings.hpp */,
				0371316D1E2BC3EE00EE78F6 /* GlobalSettings.cpp */,
			);
			name = Configuration;
			sourceTree = "<group>";
		};
		037F306B1D47A6AF009F6EE2 /* Services */ = {
			isa = PBXGroup;
			children = (
				03532D491D8B5D5E0007E2BF /* Drawing */,
				037F306C1D47A6BF009F6EE2 /* Status */,
				038806C41D470E32001E56F1 /* Popups */,
			);
			name = Services;
			sourceTree = "<group>";
		};
		037F306C1D47A6BF009F6EE2 /* Status */ = {
			isa = PBXGroup;
			children = (
				037F306E1D47A6D5009F6EE2 /* StatusService.hpp */,
				037F306D1D47A6D5009F6EE2 /* StatusService.cpp */,
			);
			name = Status;
			sourceTree = "<group>";
		};
		038806C41D470E32001E56F1 /* Popups */ = {
			isa = PBXGroup;
			children = (
				038806C61D470E5C001E56F1 /* PopupService.hpp */,
				038806C51D470E5C001E56F1 /* PopupService.cpp */,
			);
			name = Popups;
			sourceTree = "<group>";
		};
		038806CD1D47149F001E56F1 /* Services */ = {
			isa = PBXGroup;
			children = (
				038806D01D4714DC001E56F1 /* PopupServiceProvider.hpp */,
				038806CE1D4714BE001E56F1 /* PopupServiceProvider.mm */,
				037F30711D47A734009F6EE2 /* StatusServiceProvider.hpp */,
				037F30721D47A734009F6EE2 /* StatusServiceProvider.mm */,
				03532D561D8B5F650007E2BF /* DrawingServiceProvider.hpp */,
				03532D541D8B5F490007E2BF /* DrawingServiceProvider.mm */,
			);
			name = Services;
			sourceTree = "<group>";
		};
		038ECDE51C698FF0002E571D /* Application */ = {
			isa = PBXGroup;
			children = (
				038806CD1D47149F001E56F1 /* Services */,
				038ECDD01C698FE2002E571D /* main.m */,
				038ECDCD1C698FE2002E571D /* QuipApplicationDelegate.h */,
				038ECDCE1C698FE2002E571D /* QuipApplicationDelegate.mm */,
				038ECDD21C698FE2002E571D /* QuipDocument.h */,
				038ECDD31C698FE2002E571D /* QuipDocument.mm */,
				03DC0F0D1C96674A0082EC8C /* QuipDocumentController.h */,
				03DC0F0E1C96674A0082EC8C /* QuipDocumentController.mm */,
				038806C11D470D25001E56F1 /* QuipPopupView.h */,
				038806C21D470D25001E56F1 /* QuipPopupView.mm */,
				038ECDD41C698FE2002E571D /* QuipStatusView.h */,
				038ECDD51C698FE2002E571D /* QuipStatusView.mm */,
				038ECDD61C698FE2002E571D /* QuipTextView.h */,
				038ECDD71C698FE2002E571D /* QuipTextView.mm */,
				038ECDD81C698FE2002E571D /* QuipWindowController.h */,
				038ECDD91C698FE2002E571D /* QuipWindowController.mm */,
				038ECDD11C698FE2002E571D /* MainMenu.xib */,
				038ECDDA1C698FE2002E571D /* QuipWindowController.xib */,
				038ECDE61C699039002E571D /* Images.xcassets */,
				038ECDCF1C698FE2002E571D /* Info.plist */,
			);
			name = Application;
			sourceTree = "<group>";
		};
		03CCFAE21BF1A1BE0033929E = {
			isa = PBXGroup;
			children = (
				038ECDE51C698FF0002E571D /* Application */,
				03D1C8551C78197200AF5475 /* Core */,
				03D1C87B1C781A4A00AF5475 /* Tests */,
				03CCFAEC1BF1A1BE0033929E /* Products */,
			);
			sourceTree = "<group>";
		};
		03CCFAEC1BF1A1BE0033929E /* Products */ = {
			isa = PBXGroup;
			children = (
				03CCFAEB1BF1A1BE0033929E /* Quip.app */,
				03D1C8241C78196400AF5475 /* libQuip.Core.a */,
				03D1C87A1C781A4A00AF5475 /* Quip.Core.Tests.xctest */,
			);
			name = Products;
			sourceTree = "<group>";
		};
		03D1C82B1C78197200AF5475 /* Contexts */ = {
			isa = PBXGroup;
			children = (
				03D1C8291C78197200AF5475 /* EditContext.hpp */,
				03D1C82A1C78197200AF5475 /* EditContext.cpp */,
				03FCA8F81D88BFAF00B1C574 /* FileTypeDatabase.hpp */,
				03FCA8F71D88BFAF00B1C574 /* FileTypeDatabase.cpp */,
			);
			name = Contexts;
			sourceTree = "<group>";
		};
		03D1C8321C78197200AF5475 /* Documents */ = {
			isa = PBXGroup;
			children = (
				03D1C82C1C78197200AF5475 /* Document.hpp */,
				03D1C82D1C78197200AF5475 /* Document.cpp */,
				03D1C82E1C78197200AF5475 /* DocumentIterator.hpp */,
				03D1C82F1C78197200AF5475 /* DocumentIterator.cpp */,
				03D1C8301C78197200AF5475 /* Location.hpp */,
				03D1C8311C78197200AF5475 /* Location.cpp */,
			);
			name = Documents;
			sourceTree = "<group>";
		};
		03D1C8371C78197200AF5475 /* Highlighting */ = {
			isa = PBXGroup;
			children = (
				035B12A81D07D5B500C7ADF3 /* Syntax */,
				03D1C8331C78197200AF5475 /* AttributeRange.hpp */,
				03D1C8341C78197200AF5475 /* AttributeRange.cpp */,
				03D1C8351C78197200AF5475 /* Syntax.hpp */,
				03D1C8361C78197200AF5475 /* Syntax.cpp */,
			);
			name = Highlighting;
			sourceTree = "<group>";
		};
		03D1C8441C78197200AF5475 /* Implementation */ = {
			isa = PBXGroup;
			children = (
				03D1C83E1C78197200AF5475 /* EditMode.hpp */,
				03D1C83F1C78197200AF5475 /* EditMode.cpp */,
				03E10D951D0C7CF200DFC8D0 /* JumpMode.hpp */,
				03E10D941D0C7CF200DFC8D0 /* JumpMode.cpp */,
				03D1C8401C78197200AF5475 /* NormalMode.hpp */,
				03D1C8411C78197200AF5475 /* NormalMode.cpp */,
				03D1C8421C78197200AF5475 /* SearchMode.hpp */,
				03D1C8431C78197200AF5475 /* SearchMode.cpp */,
			);
			name = Implementation;
			sourceTree = "<group>";
		};
		03D1C8451C78197200AF5475 /* Mode */ = {
			isa = PBXGroup;
			children = (
				037DCDED1C8BA78B00643D44 /* CursorFlags.hpp */,
				03D1C8381C78197200AF5475 /* CursorStyle.hpp */,
				031FC0D31D3BE9AD00628179 /* MapTrie.hpp */,
				031FC0D21D3BE9AD00628179 /* MapTrie.cpp */,
				031FC0D71D3BEA0700628179 /* MapTrieNode.hpp */,
				031FC0D61D3BEA0700628179 /* MapTrieNode.cpp */,
				03D1C83C1C78197200AF5475 /* Mode.hpp */,
				03D1C83D1C78197200AF5475 /* Mode.cpp */,
				03D1C8441C78197200AF5475 /* Implementation */,
			);
			name = Mode;
			sourceTree = "<group>";
		};
		03D1C84E1C78197200AF5475 /* Selections */ = {
			isa = PBXGroup;
			children = (
				03D1C8461C78197200AF5475 /* SearchExpression.hpp */,
				03D1C8471C78197200AF5475 /* SearchExpression.cpp */,
				03D1C8481C78197200AF5475 /* Selection.hpp */,
				03D1C8491C78197200AF5475 /* Selection.cpp */,
				037DCDEA1C8B6F7100643D44 /* SelectionDrawInfo.hpp */,
				037DCDE91C8B6F7100643D44 /* SelectionDrawInfo.cpp */,
				03D1C84A1C78197200AF5475 /* SelectionSet.hpp */,
				03D1C84B1C78197200AF5475 /* SelectionSet.cpp */,
				03D1C84C1C78197200AF5475 /* SelectionSetIterator.hpp */,
				03DFA5101D07C5DD004CBE46 /* SelectionSetIterator.inl */,
				03E7B4FF1C9A596700BA1F82 /* Selector.hpp */,
				03E7B4FE1C9A596700BA1F82 /* Selector.cpp */,
			);
			name = Selections;
			sourceTree = "<group>";
		};
		03D1C8501C78197200AF5475 /* UI */ = {
			isa = PBXGroup;
			children = (
				03D1C8391C78197200AF5475 /* Key.hpp */,
				031FC0E01D3C0F1F00628179 /* Key.cpp */,
				031FC0CF1D3BE6CF00628179 /* KeySequence.hpp */,
				031FC0CE1D3BE6CF00628179 /* KeySequence.cpp */,
				03D1C84F1C78197200AF5475 /* ViewController.hpp */,
			);
			name = UI;
			sourceTree = "<group>";
		};
		03D1C8541C78197200AF5475 /* Utility */ = {
			isa = PBXGroup;
			children = (
				03D1C8521C78197200AF5475 /* Color.hpp */,
				03D1C8531C78197200AF5475 /* Color.cpp */,
				03532D5C1D8B65840007E2BF /* Coordinate.hpp */,
				03532D5B1D8B65840007E2BF /* Coordinate.cpp */,
				03532D4F1D8B5DD30007E2BF /* Extent.hpp */,
				03532D4E1D8B5DD30007E2BF /* Extent.cpp */,
				03532D581D8B63D10007E2BF /* Rectangle.hpp */,
				03532D571D8B63D10007E2BF /* Rectangle.cpp */,
				03D1C8511C78197200AF5475 /* Signal.hpp */,
			);
			name = Utility;
			sourceTree = "<group>";
		};
		03D1C8551C78197200AF5475 /* Core */ = {
			isa = PBXGroup;
			children = (
				0371316B1E2BC3CB00EE78F6 /* Configuration */,
				03D1C82B1C78197200AF5475 /* Contexts */,
				03D1C8321C78197200AF5475 /* Documents */,
				03D1C8371C78197200AF5475 /* Highlighting */,
				03D1C8451C78197200AF5475 /* Mode */,
				03D1C84E1C78197200AF5475 /* Selections */,
				037F306B1D47A6AF009F6EE2 /* Services */,
				033CA96F1D011EB500ABD567 /* Transaction */,
				03D1C8501C78197200AF5475 /* UI */,
				03D1C8541C78197200AF5475 /* Utility */,
			);
			name = Core;
			sourceTree = "<group>";
		};
		03D1C87B1C781A4A00AF5475 /* Tests */ = {
			isa = PBXGroup;
			children = (
				03D1C8871C781AFB00AF5475 /* Info.plist */,
				03532D5F1D8B65DF0007E2BF /* CoordinateTests.mm */,
				03D1C8851C781AFB00AF5475 /* DocumentIteratorTests.mm */,
				03D1C8861C781AFB00AF5475 /* DocumentTests.mm */,
				03532D521D8B5E5A0007E2BF /* ExtentTests.mm */,
				031FC0DC1D3BFD4100628179 /* KeySequenceTests.mm */,
				03D1C8881C781AFB00AF5475 /* LocationTests.mm */,
				03D1C8891C781AFB00AF5475 /* SearchExpressionTests.mm */,
				03D1C88A1C781AFB00AF5475 /* SelectionSetTests.mm */,
				03D1C88B1C781AFB00AF5475 /* SelectionTests.mm */,
				03372BFB1E3C1F19005342DD /* SelectorTests.mm */,
				036FD3FE1D75CDC7006EDD9E /* SignalTests.mm */,
			);
			name = Tests;
			path = Quip.Core.Tests;
			sourceTree = "<group>";
		};
/* End PBXGroup section */

/* Begin PBXHeadersBuildPhase section */
		03D1C8221C78196400AF5475 /* Headers */ = {
			isa = PBXHeadersBuildPhase;
			buildActionMask = 2147483647;
			files = (
				03E7B5011C9A596700BA1F82 /* Selector.hpp in Headers */,
				0374FD8C1E2AFE9600CA3196 /* AppendTransaction.hpp in Headers */,
				03FCA8FA1D88BFAF00B1C574 /* FileTypeDatabase.hpp in Headers */,
				036FD3FD1D75356D006EDD9E /* ChangeType.hpp in Headers */,
				037DCDEC1C8B6F7100643D44 /* SelectionDrawInfo.hpp in Headers */,
				03532D4D1D8B5D700007E2BF /* DrawingService.hpp in Headers */,
				03532D511D8B5DD30007E2BF /* Extent.hpp in Headers */,
				038806C81D470E5C001E56F1 /* PopupService.hpp in Headers */,
				039037181D09065500CC932C /* UnknownSyntax.hpp in Headers */,
				03532D5A1D8B63D10007E2BF /* Rectangle.hpp in Headers */,
				037131701E2BC3EE00EE78F6 /* GlobalSettings.hpp in Headers */,
				037F30701D47A6D5009F6EE2 /* StatusService.hpp in Headers */,
				0390371C1D090D9400CC932C /* MarkdownSyntax.hpp in Headers */,
				031FC0D51D3BE9AD00628179 /* MapTrie.hpp in Headers */,
				03532D5E1D8B65840007E2BF /* Coordinate.hpp in Headers */,
				031FC0D91D3BEA0700628179 /* MapTrieNode.hpp in Headers */,
				03E10D971D0C7CF200DFC8D0 /* JumpMode.hpp in Headers */,
				031FC0D11D3BE6CF00628179 /* KeySequence.hpp in Headers */,
			);
			runOnlyForDeploymentPostprocessing = 0;
		};
/* End PBXHeadersBuildPhase section */

/* Begin PBXNativeTarget section */
		03CCFAEA1BF1A1BE0033929E /* Quip */ = {
			isa = PBXNativeTarget;
			buildConfigurationList = 03CCFAFC1BF1A1BE0033929E /* Build configuration list for PBXNativeTarget "Quip" */;
			buildPhases = (
				03CCFAE71BF1A1BE0033929E /* Sources */,
				03CCFAE81BF1A1BE0033929E /* Frameworks */,
				03CCFAE91BF1A1BE0033929E /* Resources */,
			);
			buildRules = (
			);
			dependencies = (
				030AC7151C781BCF00219938 /* PBXTargetDependency */,
			);
			name = Quip;
			productName = Quip;
			productReference = 03CCFAEB1BF1A1BE0033929E /* Quip.app */;
			productType = "com.apple.product-type.application";
		};
		03D1C8231C78196400AF5475 /* Quip.Core */ = {
			isa = PBXNativeTarget;
			buildConfigurationList = 03D1C8281C78196400AF5475 /* Build configuration list for PBXNativeTarget "Quip.Core" */;
			buildPhases = (
				03D1C8201C78196400AF5475 /* Sources */,
				03D1C8211C78196400AF5475 /* Frameworks */,
				03D1C8221C78196400AF5475 /* Headers */,
			);
			buildRules = (
			);
			dependencies = (
			);
			name = Quip.Core;
			productName = Quip.Core;
			productReference = 03D1C8241C78196400AF5475 /* libQuip.Core.a */;
			productType = "com.apple.product-type.library.static";
		};
		03D1C8791C781A4A00AF5475 /* Quip.Core.Tests */ = {
			isa = PBXNativeTarget;
			buildConfigurationList = 03D1C8821C781A4A00AF5475 /* Build configuration list for PBXNativeTarget "Quip.Core.Tests" */;
			buildPhases = (
				03D1C8761C781A4A00AF5475 /* Sources */,
				03D1C8771C781A4A00AF5475 /* Frameworks */,
				03D1C8781C781A4A00AF5475 /* Resources */,
			);
			buildRules = (
			);
			dependencies = (
				03D1C8811C781A4A00AF5475 /* PBXTargetDependency */,
			);
			name = Quip.Core.Tests;
			productName = Quip.Core.Tests;
			productReference = 03D1C87A1C781A4A00AF5475 /* Quip.Core.Tests.xctest */;
			productType = "com.apple.product-type.bundle.unit-test";
		};
/* End PBXNativeTarget section */

/* Begin PBXProject section */
		03CCFAE31BF1A1BE0033929E /* Project object */ = {
			isa = PBXProject;
			attributes = {
				LastUpgradeCheck = 0800;
				ORGANIZATIONNAME = "Josh Petrie";
				TargetAttributes = {
					03CCFAEA1BF1A1BE0033929E = {
						CreatedOnToolsVersion = 7.1;
					};
					03D1C8231C78196400AF5475 = {
						CreatedOnToolsVersion = 7.2.1;
					};
					03D1C8791C781A4A00AF5475 = {
						CreatedOnToolsVersion = 7.2.1;
					};
				};
			};
			buildConfigurationList = 03CCFAE61BF1A1BE0033929E /* Build configuration list for PBXProject "Quip" */;
			compatibilityVersion = "Xcode 3.2";
			developmentRegion = English;
			hasScannedForEncodings = 0;
			knownRegions = (
				en,
				Base,
			);
			mainGroup = 03CCFAE21BF1A1BE0033929E;
			productRefGroup = 03CCFAEC1BF1A1BE0033929E /* Products */;
			projectDirPath = "";
			projectRoot = "";
			targets = (
				03CCFAEA1BF1A1BE0033929E /* Quip */,
				03D1C8231C78196400AF5475 /* Quip.Core */,
				03D1C8791C781A4A00AF5475 /* Quip.Core.Tests */,
			);
		};
/* End PBXProject section */

/* Begin PBXResourcesBuildPhase section */
		03CCFAE91BF1A1BE0033929E /* Resources */ = {
			isa = PBXResourcesBuildPhase;
			buildActionMask = 2147483647;
			files = (
				038ECDE71C699039002E571D /* Images.xcassets in Resources */,
				038ECDE31C698FE2002E571D /* QuipWindowController.xib in Resources */,
				038ECDDE1C698FE2002E571D /* MainMenu.xib in Resources */,
			);
			runOnlyForDeploymentPostprocessing = 0;
		};
		03D1C8781C781A4A00AF5475 /* Resources */ = {
			isa = PBXResourcesBuildPhase;
			buildActionMask = 2147483647;
			files = (
			);
			runOnlyForDeploymentPostprocessing = 0;
		};
/* End PBXResourcesBuildPhase section */

/* Begin PBXSourcesBuildPhase section */
		03CCFAE71BF1A1BE0033929E /* Sources */ = {
			isa = PBXSourcesBuildPhase;
			buildActionMask = 2147483647;
			files = (
				038ECDE21C698FE2002E571D /* QuipWindowController.mm in Sources */,
				03532D551D8B5F490007E2BF /* DrawingServiceProvider.mm in Sources */,
				038806CF1D4714BE001E56F1 /* PopupServiceProvider.mm in Sources */,
				038ECDDD1C698FE2002E571D /* main.m in Sources */,
				038ECDDF1C698FE2002E571D /* QuipDocument.mm in Sources */,
				033CA9791D01273400ABD567 /* EraseTransaction.cpp in Sources */,
				038ECDE11C698FE2002E571D /* QuipTextView.mm in Sources */,
				038ECDDB1C698FE2002E571D /* QuipApplicationDelegate.mm in Sources */,
				03DC0F0F1C96674A0082EC8C /* QuipDocumentController.mm in Sources */,
				037F30731D47A734009F6EE2 /* StatusServiceProvider.mm in Sources */,
				033CA9721D011ED200ABD567 /* Transaction.cpp in Sources */,
				038ECDE01C698FE2002E571D /* QuipStatusView.mm in Sources */,
				038806C31D470D25001E56F1 /* QuipPopupView.mm in Sources */,
				033CA9751D011FDA00ABD567 /* InsertTransaction.cpp in Sources */,
			);
			runOnlyForDeploymentPostprocessing = 0;
		};
		03D1C8201C78196400AF5475 /* Sources */ = {
			isa = PBXSourcesBuildPhase;
			buildActionMask = 2147483647;
			files = (
				03D1C86B1C7819F400AF5475 /* Syntax.cpp in Sources */,
				03D1C8681C7819ED00AF5475 /* DocumentIterator.cpp in Sources */,
				031FC0D01D3BE6CF00628179 /* KeySequence.cpp in Sources */,
				03D1C8671C7819ED00AF5475 /* Document.cpp in Sources */,
				0390371B1D090D9400CC932C /* MarkdownSyntax.cpp in Sources */,
				0371316F1E2BC3EE00EE78F6 /* GlobalSettings.cpp in Sources */,
				03D1C8691C7819ED00AF5475 /* Location.cpp in Sources */,
				03D1C8721C781A0900AF5475 /* Selection.cpp in Sources */,
				03532D501D8B5DD30007E2BF /* Extent.cpp in Sources */,
				038806C71D470E5C001E56F1 /* PopupService.cpp in Sources */,
				03FCA8F91D88BFAF00B1C574 /* FileTypeDatabase.cpp in Sources */,
				03D1C86A1C7819F400AF5475 /* AttributeRange.cpp in Sources */,
				031FC0E11D3C0F1F00628179 /* Key.cpp in Sources */,
				03D1C8731C781A0900AF5475 /* SelectionSet.cpp in Sources */,
				03E7B5001C9A596700BA1F82 /* Selector.cpp in Sources */,
				037DCDEB1C8B6F7100643D44 /* SelectionDrawInfo.cpp in Sources */,
				03D1C8751C781A1000AF5475 /* Color.cpp in Sources */,
				03D1C86D1C7819FB00AF5475 /* Mode.cpp in Sources */,
				031FC0D41D3BE9AD00628179 /* MapTrie.cpp in Sources */,
				03D1C8711C781A0900AF5475 /* SearchExpression.cpp in Sources */,
				03532D5D1D8B65840007E2BF /* Coordinate.cpp in Sources */,
				03E10D961D0C7CF200DFC8D0 /* JumpMode.cpp in Sources */,
				03532D4C1D8B5D700007E2BF /* DrawingService.cpp in Sources */,
				03D1C86E1C781A0100AF5475 /* EditMode.cpp in Sources */,
				03532D591D8B63D10007E2BF /* Rectangle.cpp in Sources */,
				0374FD8B1E2AFE9600CA3196 /* AppendTransaction.cpp in Sources */,
				03D1C8661C7819E600AF5475 /* EditContext.cpp in Sources */,
				03D1C8701C781A0100AF5475 /* SearchMode.cpp in Sources */,
				039037171D09065500CC932C /* UnknownSyntax.cpp in Sources */,
				037F306F1D47A6D5009F6EE2 /* StatusService.cpp in Sources */,
				03D1C86F1C781A0100AF5475 /* NormalMode.cpp in Sources */,
				031FC0D81D3BEA0700628179 /* MapTrieNode.cpp in Sources */,
			);
			runOnlyForDeploymentPostprocessing = 0;
		};
		03D1C8761C781A4A00AF5475 /* Sources */ = {
			isa = PBXSourcesBuildPhase;
			buildActionMask = 2147483647;
			files = (
				030AC70F1C781B9F00219938 /* DocumentTests.mm in Sources */,
				03532D601D8B65DF0007E2BF /* CoordinateTests.mm in Sources */,
				03532D531D8B5E5A0007E2BF /* ExtentTests.mm in Sources */,
				03372BFC1E3C1F19005342DD /* SelectorTests.mm in Sources */,
				036FD3FF1D75CDC7006EDD9E /* SignalTests.mm in Sources */,
				030AC7111C781B9F00219938 /* SearchExpressionTests.mm in Sources */,
				031FC0DD1D3BFD4100628179 /* KeySequenceTests.mm in Sources */,
				030AC7101C781B9F00219938 /* LocationTests.mm in Sources */,
				030AC7121C781B9F00219938 /* SelectionSetTests.mm in Sources */,
				030AC7131C781B9F00219938 /* SelectionTests.mm in Sources */,
				030AC70E1C781B9F00219938 /* DocumentIteratorTests.mm in Sources */,
			);
			runOnlyForDeploymentPostprocessing = 0;
		};
/* End PBXSourcesBuildPhase section */

/* Begin PBXTargetDependency section */
		030AC7151C781BCF00219938 /* PBXTargetDependency */ = {
			isa = PBXTargetDependency;
			target = 03D1C8231C78196400AF5475 /* Quip.Core */;
			targetProxy = 030AC7141C781BCF00219938 /* PBXContainerItemProxy */;
		};
		03D1C8811C781A4A00AF5475 /* PBXTargetDependency */ = {
			isa = PBXTargetDependency;
			target = 03D1C8231C78196400AF5475 /* Quip.Core */;
			targetProxy = 03D1C8801C781A4A00AF5475 /* PBXContainerItemProxy */;
		};
/* End PBXTargetDependency section */

/* Begin XCBuildConfiguration section */
		03CCFAFA1BF1A1BE0033929E /* Debug */ = {
			isa = XCBuildConfiguration;
			buildSettings = {
				ALWAYS_SEARCH_USER_PATHS = NO;
				CLANG_CXX_LANGUAGE_STANDARD = "c++14";
				CLANG_CXX_LIBRARY = "libc++";
				CLANG_ENABLE_MODULES = YES;
				CLANG_ENABLE_OBJC_ARC = YES;
				CLANG_WARN_BOOL_CONVERSION = YES;
				CLANG_WARN_CONSTANT_CONVERSION = YES;
				CLANG_WARN_DIRECT_OBJC_ISA_USAGE = YES_ERROR;
				CLANG_WARN_EMPTY_BODY = YES;
				CLANG_WARN_ENUM_CONVERSION = YES;
				CLANG_WARN_INFINITE_RECURSION = YES;
				CLANG_WARN_INT_CONVERSION = YES;
				CLANG_WARN_OBJC_ROOT_CLASS = YES_ERROR;
				CLANG_WARN_SUSPICIOUS_MOVE = YES;
				CLANG_WARN_UNREACHABLE_CODE = YES;
				CLANG_WARN__DUPLICATE_METHOD_MATCH = YES;
				CODE_SIGN_IDENTITY = "-";
				COPY_PHASE_STRIP = NO;
				DEBUG_INFORMATION_FORMAT = dwarf;
				ENABLE_STRICT_OBJC_MSGSEND = YES;
				ENABLE_TESTABILITY = YES;
				GCC_C_LANGUAGE_STANDARD = gnu99;
				GCC_DYNAMIC_NO_PIC = NO;
				GCC_NO_COMMON_BLOCKS = YES;
				GCC_OPTIMIZATION_LEVEL = 0;
				GCC_PREPROCESSOR_DEFINITIONS = (
					"DEBUG=1",
					"$(inherited)",
				);
				GCC_WARN_64_TO_32_BIT_CONVERSION = YES;
				GCC_WARN_ABOUT_RETURN_TYPE = YES_ERROR;
				GCC_WARN_UNDECLARED_SELECTOR = YES;
				GCC_WARN_UNINITIALIZED_AUTOS = YES_AGGRESSIVE;
				GCC_WARN_UNUSED_FUNCTION = YES;
				GCC_WARN_UNUSED_VARIABLE = YES;
				HEADER_SEARCH_PATHS = Source/Core;
				MACOSX_DEPLOYMENT_TARGET = 10.11;
				MTL_ENABLE_DEBUG_INFO = YES;
				ONLY_ACTIVE_ARCH = YES;
				SDKROOT = macosx;
			};
			name = Debug;
		};
		03CCFAFB1BF1A1BE0033929E /* Release */ = {
			isa = XCBuildConfiguration;
			buildSettings = {
				ALWAYS_SEARCH_USER_PATHS = NO;
				CLANG_CXX_LANGUAGE_STANDARD = "c++14";
				CLANG_CXX_LIBRARY = "libc++";
				CLANG_ENABLE_MODULES = YES;
				CLANG_ENABLE_OBJC_ARC = YES;
				CLANG_WARN_BOOL_CONVERSION = YES;
				CLANG_WARN_CONSTANT_CONVERSION = YES;
				CLANG_WARN_DIRECT_OBJC_ISA_USAGE = YES_ERROR;
				CLANG_WARN_EMPTY_BODY = YES;
				CLANG_WARN_ENUM_CONVERSION = YES;
				CLANG_WARN_INFINITE_RECURSION = YES;
				CLANG_WARN_INT_CONVERSION = YES;
				CLANG_WARN_OBJC_ROOT_CLASS = YES_ERROR;
				CLANG_WARN_SUSPICIOUS_MOVE = YES;
				CLANG_WARN_UNREACHABLE_CODE = YES;
				CLANG_WARN__DUPLICATE_METHOD_MATCH = YES;
				CODE_SIGN_IDENTITY = "-";
				COPY_PHASE_STRIP = NO;
				DEBUG_INFORMATION_FORMAT = "dwarf-with-dsym";
				ENABLE_NS_ASSERTIONS = NO;
				ENABLE_STRICT_OBJC_MSGSEND = YES;
				GCC_C_LANGUAGE_STANDARD = gnu99;
				GCC_NO_COMMON_BLOCKS = YES;
				GCC_WARN_64_TO_32_BIT_CONVERSION = YES;
				GCC_WARN_ABOUT_RETURN_TYPE = YES_ERROR;
				GCC_WARN_UNDECLARED_SELECTOR = YES;
				GCC_WARN_UNINITIALIZED_AUTOS = YES_AGGRESSIVE;
				GCC_WARN_UNUSED_FUNCTION = YES;
				GCC_WARN_UNUSED_VARIABLE = YES;
				HEADER_SEARCH_PATHS = Source/Core;
				MACOSX_DEPLOYMENT_TARGET = 10.11;
				MTL_ENABLE_DEBUG_INFO = NO;
				SDKROOT = macosx;
			};
			name = Release;
		};
		03CCFAFD1BF1A1BE0033929E /* Debug */ = {
			isa = XCBuildConfiguration;
			buildSettings = {
				ASSETCATALOG_COMPILER_APPICON_NAME = AppIcon;
				COMBINE_HIDPI_IMAGES = YES;
				DSTROOT = /;
				INFOPLIST_FILE = "$(SRCROOT)/Source/Mac/Info.plist";
				LD_RUNPATH_SEARCH_PATHS = "$(inherited) @executable_path/../Frameworks";
				PRODUCT_BUNDLE_IDENTIFIER = net.joshpetrie.Quip;
				PRODUCT_NAME = "$(TARGET_NAME)";
			};
			name = Debug;
		};
		03CCFAFE1BF1A1BE0033929E /* Release */ = {
			isa = XCBuildConfiguration;
			buildSettings = {
				ASSETCATALOG_COMPILER_APPICON_NAME = AppIcon;
				COMBINE_HIDPI_IMAGES = YES;
				DSTROOT = /;
				INFOPLIST_FILE = "$(SRCROOT)/Source/Mac/Info.plist";
				LD_RUNPATH_SEARCH_PATHS = "$(inherited) @executable_path/../Frameworks";
				PRODUCT_BUNDLE_IDENTIFIER = net.joshpetrie.Quip;
				PRODUCT_NAME = "$(TARGET_NAME)";
			};
			name = Release;
		};
		03D1C8251C78196400AF5475 /* Debug */ = {
			isa = XCBuildConfiguration;
			buildSettings = {
				CLANG_CXX_LANGUAGE_STANDARD = "c++14";
				COMBINE_HIDPI_IMAGES = YES;
				EXECUTABLE_PREFIX = lib;
				PRODUCT_NAME = "$(TARGET_NAME)";
				USER_HEADER_SEARCH_PATHS = "$(PROJECT_DIR)/Dependencies/PEGTL";
			};
			name = Debug;
		};
		03D1C8261C78196400AF5475 /* Release */ = {
			isa = XCBuildConfiguration;
			buildSettings = {
				CLANG_CXX_LANGUAGE_STANDARD = "c++14";
				COMBINE_HIDPI_IMAGES = YES;
				EXECUTABLE_PREFIX = lib;
				PRODUCT_NAME = "$(TARGET_NAME)";
				USER_HEADER_SEARCH_PATHS = "$(PROJECT_DIR)/Dependencies/PEGTL";
			};
			name = Release;
		};
		03D1C8831C781A4A00AF5475 /* Debug */ = {
			isa = XCBuildConfiguration;
			buildSettings = {
				CLANG_CXX_LANGUAGE_STANDARD = "c++14";
				COMBINE_HIDPI_IMAGES = YES;
				INFOPLIST_FILE = Source/Tests/Info.plist;
				LD_RUNPATH_SEARCH_PATHS = "$(inherited) @executable_path/../Frameworks @loader_path/../Frameworks";
				PRODUCT_BUNDLE_IDENTIFIER = "net.joshpetrie.Quip-Core-Tests";
				PRODUCT_NAME = "$(TARGET_NAME)";
			};
			name = Debug;
		};
		03D1C8841C781A4A00AF5475 /* Release */ = {
			isa = XCBuildConfiguration;
			buildSettings = {
				CLANG_CXX_LANGUAGE_STANDARD = "c++14";
				COMBINE_HIDPI_IMAGES = YES;
				INFOPLIST_FILE = Source/Tests/Info.plist;
				LD_RUNPATH_SEARCH_PATHS = "$(inherited) @executable_path/../Frameworks @loader_path/../Frameworks";
				PRODUCT_BUNDLE_IDENTIFIER = "net.joshpetrie.Quip-Core-Tests";
				PRODUCT_NAME = "$(TARGET_NAME)";
			};
			name = Release;
		};
/* End XCBuildConfiguration section */

/* Begin XCConfigurationList section */
		03CCFAE61BF1A1BE0033929E /* Build configuration list for PBXProject "Quip" */ = {
			isa = XCConfigurationList;
			buildConfigurations = (
				03CCFAFA1BF1A1BE0033929E /* Debug */,
				03CCFAFB1BF1A1BE0033929E /* Release */,
			);
			defaultConfigurationIsVisible = 0;
			defaultConfigurationName = Release;
		};
		03CCFAFC1BF1A1BE0033929E /* Build configuration list for PBXNativeTarget "Quip" */ = {
			isa = XCConfigurationList;
			buildConfigurations = (
				03CCFAFD1BF1A1BE0033929E /* Debug */,
				03CCFAFE1BF1A1BE0033929E /* Release */,
			);
			defaultConfigurationIsVisible = 0;
			defaultConfigurationName = Release;
		};
		03D1C8281C78196400AF5475 /* Build configuration list for PBXNativeTarget "Quip.Core" */ = {
			isa = XCConfigurationList;
			buildConfigurations = (
				03D1C8251C78196400AF5475 /* Debug */,
				03D1C8261C78196400AF5475 /* Release */,
			);
			defaultConfigurationIsVisible = 0;
			defaultConfigurationName = Release;
		};
		03D1C8821C781A4A00AF5475 /* Build configuration list for PBXNativeTarget "Quip.Core.Tests" */ = {
			isa = XCConfigurationList;
			buildConfigurations = (
				03D1C8831C781A4A00AF5475 /* Debug */,
				03D1C8841C781A4A00AF5475 /* Release */,
			);
			defaultConfigurationIsVisible = 0;
			defaultConfigurationName = Release;
		};
/* End XCConfigurationList section */
	};
	rootObject = 03CCFAE31BF1A1BE0033929E /* Project object */;
}
